
Microsoft Visual Studio Solution File, Format Version 12.00
# Visual Studio Version 16
VisualStudioVersion = 16.0.31729.503
MinimumVisualStudioVersion = 10.0.40219.1
Project("{FAE04EC0-301F-11D3-BF4B-00C04F79EFBC}") = "Development and build tools", "Development and build tools\Development and build tools.csproj", "{8BD82455-6A75-4F15-95FD-BC5C12580199}"
EndProject
Global
	GlobalSection(SolutionConfigurationPlatforms) = preSolution
		Debug|Any CPU = Debug|Any CPU
		Release|Any CPU = Release|Any CPU
	EndGlobalSection
	GlobalSection(ProjectConfigurationPlatforms) = postSolution
		{8BD82455-6A75-4F15-95FD-BC5C12580199}.Debug|Any CPU.ActiveCfg = Debug|Any CPU
		{8BD82455-6A75-4F15-95FD-BC5C12580199}.Debug|Any CPU.Build.0 = Debug|Any CPU
		{8BD82455-6A75-4F15-95FD-BC5C12580199}.Release|Any CPU.ActiveCfg = Release|Any CPU
		{8BD82455-6A75-4F15-95FD-BC5C12580199}.Release|Any CPU.Build.0 = Release|Any CPU
	EndGlobalSection
	GlobalSection(SolutionProperties) = preSolution
		HideSolutionNode = FALSE
	EndGlobalSection
	GlobalSection(ExtensibilityGlobals) = postSolution
		SolutionGuid = {325614BF-45B0-427D-B1F2-42B0A01B3783}
	EndGlobalSection
EndGlobal
